
Microsoft Visual Studio Solution File, Format Version 12.00
# Visual Studio Version 16
VisualStudioVersion = 16.0.30717.126
MinimumVisualStudioVersion = 10.0.40219.1
Project("{FAE04EC0-301F-11D3-BF4B-00C04F79EFBC}") = "ToyRobot", "ToyRobot\ToyRobot.csproj", "{00957057-AB6E-489D-983F-71328E7A1D93}"
EndProject
Global
	GlobalSection(SolutionConfigurationPlatforms) = preSolution
		Debug|Any CPU = Debug|Any CPU
		Release|Any CPU = Release|Any CPU
	EndGlobalSection
	GlobalSection(ProjectConfigurationPlatforms) = postSolution
		{00957057-AB6E-489D-983F-71328E7A1D93}.Debug|Any CPU.ActiveCfg = Debug|Any CPU
		{00957057-AB6E-489D-983F-71328E7A1D93}.Debug|Any CPU.Build.0 = Debug|Any CPU
		{00957057-AB6E-489D-983F-71328E7A1D93}.Release|Any CPU.ActiveCfg = Release|Any CPU
		{00957057-AB6E-489D-983F-71328E7A1D93}.Release|Any CPU.Build.0 = Release|Any CPU
	EndGlobalSection
	GlobalSection(SolutionProperties) = preSolution
		HideSolutionNode = FALSE
	EndGlobalSection
	GlobalSection(ExtensibilityGlobals) = postSolution
		SolutionGuid = {B3317539-3044-4BE7-B202-D169DCC8CBE2}
	EndGlobalSection
EndGlobal
